// !$*UTF8*$!
{
	archiveVersion = 1;
	classes = {
	};
	objectVersion = 51;
	objects = {

/* Begin PBXBuildFile section */
		187737DE24EA408A005F1779 /* AppDelegate.swift in Sources */ = {isa = PBXBuildFile; fileRef = 187737DD24EA408A005F1779 /* AppDelegate.swift */; };
		187737E024EA408A005F1779 /* SceneDelegate.swift in Sources */ = {isa = PBXBuildFile; fileRef = 187737DF24EA408A005F1779 /* SceneDelegate.swift */; };
		187737E724EA408C005F1779 /* Assets.xcassets in Resources */ = {isa = PBXBuildFile; fileRef = 187737E624EA408C005F1779 /* Assets.xcassets */; };
		187737EA24EA408C005F1779 /* LaunchScreen.storyboard in Resources */ = {isa = PBXBuildFile; fileRef = 187737E824EA408C005F1779 /* LaunchScreen.storyboard */; };
		187737F324EA4149005F1779 /* LoginVC.swift in Sources */ = {isa = PBXBuildFile; fileRef = 187737F124EA4149005F1779 /* LoginVC.swift */; };
		187737F424EA4149005F1779 /* LoginVC.xib in Resources */ = {isa = PBXBuildFile; fileRef = 187737F224EA4149005F1779 /* LoginVC.xib */; };
		187737F724EA83E1005F1779 /* ExtensionUIView.swift in Sources */ = {isa = PBXBuildFile; fileRef = 187737F624EA83E1005F1779 /* ExtensionUIView.swift */; };
		187737FA24EA85B2005F1779 /* Constants.swift in Sources */ = {isa = PBXBuildFile; fileRef = 187737F924EA85B2005F1779 /* Constants.swift */; };
		1877380024EB7267005F1779 /* DefaultsKey.swift in Sources */ = {isa = PBXBuildFile; fileRef = 187737FF24EB7267005F1779 /* DefaultsKey.swift */; };
		1877380224EB72D7005F1779 /* ServerPath.swift in Sources */ = {isa = PBXBuildFile; fileRef = 1877380124EB72D7005F1779 /* ServerPath.swift */; };
		1877380524EB7C07005F1779 /* Token.swift in Sources */ = {isa = PBXBuildFile; fileRef = 1877380424EB7C07005F1779 /* Token.swift */; };
		1877380924EB8832005F1779 /* HomeVC.swift in Sources */ = {isa = PBXBuildFile; fileRef = 1877380724EB8832005F1779 /* HomeVC.swift */; };
		1877380A24EB8832005F1779 /* HomeVC.xib in Resources */ = {isa = PBXBuildFile; fileRef = 1877380824EB8832005F1779 /* HomeVC.xib */; };
		1877380E24EB88AF005F1779 /* TabBarVC.swift in Sources */ = {isa = PBXBuildFile; fileRef = 1877380C24EB88AF005F1779 /* TabBarVC.swift */; };
		1877380F24EB88AF005F1779 /* TabBarVC.xib in Resources */ = {isa = PBXBuildFile; fileRef = 1877380D24EB88AF005F1779 /* TabBarVC.xib */; };
		1877381324EC158B005F1779 /* UserProfileVC.swift in Sources */ = {isa = PBXBuildFile; fileRef = 1877381124EC158B005F1779 /* UserProfileVC.swift */; };
		1877381424EC158B005F1779 /* UserProfileVC.xib in Resources */ = {isa = PBXBuildFile; fileRef = 1877381224EC158B005F1779 /* UserProfileVC.xib */; };
		1877381624ECD249005F1779 /* User.swift in Sources */ = {isa = PBXBuildFile; fileRef = 1877381524ECD249005F1779 /* User.swift */; };
		189AB81524F8ACB70039B5B5 /* List.swift in Sources */ = {isa = PBXBuildFile; fileRef = 189AB81424F8ACB70039B5B5 /* List.swift */; };
		189AB81924F8E1F80039B5B5 /* AddListVC.swift in Sources */ = {isa = PBXBuildFile; fileRef = 189AB81724F8E1F80039B5B5 /* AddListVC.swift */; };
		189AB81A24F8E1F80039B5B5 /* AddListVC.xib in Resources */ = {isa = PBXBuildFile; fileRef = 189AB81824F8E1F80039B5B5 /* AddListVC.xib */; };
		189AB82124F8EFAC0039B5B5 /* AddListModalView.swift in Sources */ = {isa = PBXBuildFile; fileRef = 189AB82024F8EFAC0039B5B5 /* AddListModalView.swift */; };
		189AB82324F8EFC10039B5B5 /* AddListModalView.xib in Resources */ = {isa = PBXBuildFile; fileRef = 189AB82224F8EFC10039B5B5 /* AddListModalView.xib */; };
		189AB82724FA704F0039B5B5 /* ListVC.swift in Sources */ = {isa = PBXBuildFile; fileRef = 189AB82524FA704F0039B5B5 /* ListVC.swift */; };
		189AB82824FA704F0039B5B5 /* ListVC.xib in Resources */ = {isa = PBXBuildFile; fileRef = 189AB82624FA704F0039B5B5 /* ListVC.xib */; };
		189AB82C24FA756E0039B5B5 /* ListCell.swift in Sources */ = {isa = PBXBuildFile; fileRef = 189AB82A24FA756E0039B5B5 /* ListCell.swift */; };
		189AB82D24FA756E0039B5B5 /* ListCell.xib in Resources */ = {isa = PBXBuildFile; fileRef = 189AB82B24FA756E0039B5B5 /* ListCell.xib */; };
		189AB83124FCD6F80039B5B5 /* DetailListVC.swift in Sources */ = {isa = PBXBuildFile; fileRef = 189AB82F24FCD6F80039B5B5 /* DetailListVC.swift */; };
		189AB83224FCD6F80039B5B5 /* DetailListVC.xib in Resources */ = {isa = PBXBuildFile; fileRef = 189AB83024FCD6F80039B5B5 /* DetailListVC.xib */; };
		189AB83424FCF4EA0039B5B5 /* ListDetail.swift in Sources */ = {isa = PBXBuildFile; fileRef = 189AB83324FCF4EA0039B5B5 /* ListDetail.swift */; };
		18DB302224EE62FB00967FB8 /* APIConfiguration.swift in Sources */ = {isa = PBXBuildFile; fileRef = 18DB302124EE62FB00967FB8 /* APIConfiguration.swift */; };
		18DB302424EE646000967FB8 /* APIRouter.swift in Sources */ = {isa = PBXBuildFile; fileRef = 18DB302324EE646000967FB8 /* APIRouter.swift */; };
		18DB302624EE82E300967FB8 /* AuthService.swift in Sources */ = {isa = PBXBuildFile; fileRef = 18DB302524EE82E300967FB8 /* AuthService.swift */; };
		18DB302924F1599B00967FB8 /* Alert.swift in Sources */ = {isa = PBXBuildFile; fileRef = 18DB302824F1599B00967FB8 /* Alert.swift */; };
		18DB302B24F39E4400967FB8 /* Movie.swift in Sources */ = {isa = PBXBuildFile; fileRef = 18DB302A24F39E4400967FB8 /* Movie.swift */; };
		18DB302F24F3A15700967FB8 /* MovieCell.swift in Sources */ = {isa = PBXBuildFile; fileRef = 18DB302D24F3A15700967FB8 /* MovieCell.swift */; };
		18DB303024F3A15700967FB8 /* MovieCell.xib in Resources */ = {isa = PBXBuildFile; fileRef = 18DB302E24F3A15700967FB8 /* MovieCell.xib */; };
		18DB303424F4C8EF00967FB8 /* MovieDetailVC.swift in Sources */ = {isa = PBXBuildFile; fileRef = 18DB303224F4C8EF00967FB8 /* MovieDetailVC.swift */; };
		18DB303524F4C8EF00967FB8 /* MovieDetailVC.xib in Resources */ = {isa = PBXBuildFile; fileRef = 18DB303324F4C8EF00967FB8 /* MovieDetailVC.xib */; };
		18DB303724F6690300967FB8 /* ResponseError.swift in Sources */ = {isa = PBXBuildFile; fileRef = 18DB303624F6690300967FB8 /* ResponseError.swift */; };
		18DB303A24F757D500967FB8 /* APIManager.swift in Sources */ = {isa = PBXBuildFile; fileRef = 18DB303924F757D500967FB8 /* APIManager.swift */; };
		5D6C55C797307FBA49F0A253 /* Pods_MovieDB.framework in Frameworks */ = {isa = PBXBuildFile; fileRef = 44481B1EE01364D688078C74 /* Pods_MovieDB.framework */; };
/* End PBXBuildFile section */

/* Begin PBXFileReference section */
		187737DA24EA408A005F1779 /* MovieDB.app */ = {isa = PBXFileReference; explicitFileType = wrapper.application; includeInIndex = 0; path = MovieDB.app; sourceTree = BUILT_PRODUCTS_DIR; };
		187737DD24EA408A005F1779 /* AppDelegate.swift */ = {isa = PBXFileReference; lastKnownFileType = sourcecode.swift; path = AppDelegate.swift; sourceTree = "<group>"; };
		187737DF24EA408A005F1779 /* SceneDelegate.swift */ = {isa = PBXFileReference; lastKnownFileType = sourcecode.swift; path = SceneDelegate.swift; sourceTree = "<group>"; };
		187737E624EA408C005F1779 /* Assets.xcassets */ = {isa = PBXFileReference; lastKnownFileType = folder.assetcatalog; path = Assets.xcassets; sourceTree = "<group>"; };
		187737E924EA408C005F1779 /* Base */ = {isa = PBXFileReference; lastKnownFileType = file.storyboard; name = Base; path = Base.lproj/LaunchScreen.storyboard; sourceTree = "<group>"; };
		187737EB24EA408C005F1779 /* Info.plist */ = {isa = PBXFileReference; lastKnownFileType = text.plist.xml; path = Info.plist; sourceTree = "<group>"; };
		187737F124EA4149005F1779 /* LoginVC.swift */ = {isa = PBXFileReference; lastKnownFileType = sourcecode.swift; path = LoginVC.swift; sourceTree = "<group>"; };
		187737F224EA4149005F1779 /* LoginVC.xib */ = {isa = PBXFileReference; lastKnownFileType = file.xib; path = LoginVC.xib; sourceTree = "<group>"; };
		187737F624EA83E1005F1779 /* ExtensionUIView.swift */ = {isa = PBXFileReference; lastKnownFileType = sourcecode.swift; path = ExtensionUIView.swift; sourceTree = "<group>"; };
		187737F924EA85B2005F1779 /* Constants.swift */ = {isa = PBXFileReference; lastKnownFileType = sourcecode.swift; path = Constants.swift; sourceTree = "<group>"; };
		187737FF24EB7267005F1779 /* DefaultsKey.swift */ = {isa = PBXFileReference; lastKnownFileType = sourcecode.swift; path = DefaultsKey.swift; sourceTree = "<group>"; };
		1877380124EB72D7005F1779 /* ServerPath.swift */ = {isa = PBXFileReference; lastKnownFileType = sourcecode.swift; path = ServerPath.swift; sourceTree = "<group>"; };
		1877380424EB7C07005F1779 /* Token.swift */ = {isa = PBXFileReference; lastKnownFileType = sourcecode.swift; path = Token.swift; sourceTree = "<group>"; };
		1877380724EB8832005F1779 /* HomeVC.swift */ = {isa = PBXFileReference; lastKnownFileType = sourcecode.swift; path = HomeVC.swift; sourceTree = "<group>"; };
		1877380824EB8832005F1779 /* HomeVC.xib */ = {isa = PBXFileReference; lastKnownFileType = file.xib; path = HomeVC.xib; sourceTree = "<group>"; };
		1877380C24EB88AF005F1779 /* TabBarVC.swift */ = {isa = PBXFileReference; lastKnownFileType = sourcecode.swift; path = TabBarVC.swift; sourceTree = "<group>"; };
		1877380D24EB88AF005F1779 /* TabBarVC.xib */ = {isa = PBXFileReference; lastKnownFileType = file.xib; path = TabBarVC.xib; sourceTree = "<group>"; };
		1877381124EC158B005F1779 /* UserProfileVC.swift */ = {isa = PBXFileReference; lastKnownFileType = sourcecode.swift; path = UserProfileVC.swift; sourceTree = "<group>"; };
		1877381224EC158B005F1779 /* UserProfileVC.xib */ = {isa = PBXFileReference; lastKnownFileType = file.xib; path = UserProfileVC.xib; sourceTree = "<group>"; };
		1877381524ECD249005F1779 /* User.swift */ = {isa = PBXFileReference; lastKnownFileType = sourcecode.swift; path = User.swift; sourceTree = "<group>"; };
		189AB81424F8ACB70039B5B5 /* List.swift */ = {isa = PBXFileReference; lastKnownFileType = sourcecode.swift; path = List.swift; sourceTree = "<group>"; };
		189AB81724F8E1F80039B5B5 /* AddListVC.swift */ = {isa = PBXFileReference; lastKnownFileType = sourcecode.swift; path = AddListVC.swift; sourceTree = "<group>"; };
		189AB81824F8E1F80039B5B5 /* AddListVC.xib */ = {isa = PBXFileReference; lastKnownFileType = file.xib; path = AddListVC.xib; sourceTree = "<group>"; };
		189AB82024F8EFAC0039B5B5 /* AddListModalView.swift */ = {isa = PBXFileReference; lastKnownFileType = sourcecode.swift; path = AddListModalView.swift; sourceTree = "<group>"; };
		189AB82224F8EFC10039B5B5 /* AddListModalView.xib */ = {isa = PBXFileReference; lastKnownFileType = file.xib; path = AddListModalView.xib; sourceTree = "<group>"; };
		189AB82524FA704F0039B5B5 /* ListVC.swift */ = {isa = PBXFileReference; lastKnownFileType = sourcecode.swift; path = ListVC.swift; sourceTree = "<group>"; };
		189AB82624FA704F0039B5B5 /* ListVC.xib */ = {isa = PBXFileReference; lastKnownFileType = file.xib; path = ListVC.xib; sourceTree = "<group>"; };
		189AB82A24FA756E0039B5B5 /* ListCell.swift */ = {isa = PBXFileReference; lastKnownFileType = sourcecode.swift; path = ListCell.swift; sourceTree = "<group>"; };
		189AB82B24FA756E0039B5B5 /* ListCell.xib */ = {isa = PBXFileReference; lastKnownFileType = file.xib; path = ListCell.xib; sourceTree = "<group>"; };
		189AB82F24FCD6F80039B5B5 /* DetailListVC.swift */ = {isa = PBXFileReference; lastKnownFileType = sourcecode.swift; path = DetailListVC.swift; sourceTree = "<group>"; };
		189AB83024FCD6F80039B5B5 /* DetailListVC.xib */ = {isa = PBXFileReference; lastKnownFileType = file.xib; path = DetailListVC.xib; sourceTree = "<group>"; };
		189AB83324FCF4EA0039B5B5 /* ListDetail.swift */ = {isa = PBXFileReference; lastKnownFileType = sourcecode.swift; path = ListDetail.swift; sourceTree = "<group>"; };
		18DB302124EE62FB00967FB8 /* APIConfiguration.swift */ = {isa = PBXFileReference; lastKnownFileType = sourcecode.swift; path = APIConfiguration.swift; sourceTree = "<group>"; };
		18DB302324EE646000967FB8 /* APIRouter.swift */ = {isa = PBXFileReference; lastKnownFileType = sourcecode.swift; path = APIRouter.swift; sourceTree = "<group>"; };
		18DB302524EE82E300967FB8 /* AuthService.swift */ = {isa = PBXFileReference; lastKnownFileType = sourcecode.swift; path = AuthService.swift; sourceTree = "<group>"; };
		18DB302824F1599B00967FB8 /* Alert.swift */ = {isa = PBXFileReference; lastKnownFileType = sourcecode.swift; path = Alert.swift; sourceTree = "<group>"; };
		18DB302A24F39E4400967FB8 /* Movie.swift */ = {isa = PBXFileReference; lastKnownFileType = sourcecode.swift; path = Movie.swift; sourceTree = "<group>"; };
		18DB302D24F3A15700967FB8 /* MovieCell.swift */ = {isa = PBXFileReference; lastKnownFileType = sourcecode.swift; path = MovieCell.swift; sourceTree = "<group>"; };
		18DB302E24F3A15700967FB8 /* MovieCell.xib */ = {isa = PBXFileReference; lastKnownFileType = file.xib; path = MovieCell.xib; sourceTree = "<group>"; };
		18DB303224F4C8EF00967FB8 /* MovieDetailVC.swift */ = {isa = PBXFileReference; lastKnownFileType = sourcecode.swift; path = MovieDetailVC.swift; sourceTree = "<group>"; };
		18DB303324F4C8EF00967FB8 /* MovieDetailVC.xib */ = {isa = PBXFileReference; lastKnownFileType = file.xib; path = MovieDetailVC.xib; sourceTree = "<group>"; };
		18DB303624F6690300967FB8 /* ResponseError.swift */ = {isa = PBXFileReference; lastKnownFileType = sourcecode.swift; path = ResponseError.swift; sourceTree = "<group>"; };
		18DB303924F757D500967FB8 /* APIManager.swift */ = {isa = PBXFileReference; lastKnownFileType = sourcecode.swift; path = APIManager.swift; sourceTree = "<group>"; };
		44481B1EE01364D688078C74 /* Pods_MovieDB.framework */ = {isa = PBXFileReference; explicitFileType = wrapper.framework; includeInIndex = 0; path = Pods_MovieDB.framework; sourceTree = BUILT_PRODUCTS_DIR; };
		6F76A42203B12AA5E7452E0B /* Pods-MovieDB.debug.xcconfig */ = {isa = PBXFileReference; includeInIndex = 1; lastKnownFileType = text.xcconfig; name = "Pods-MovieDB.debug.xcconfig"; path = "Target Support Files/Pods-MovieDB/Pods-MovieDB.debug.xcconfig"; sourceTree = "<group>"; };
		E3B72E1660BFDBD9FE11A6FE /* Pods-MovieDB.release.xcconfig */ = {isa = PBXFileReference; includeInIndex = 1; lastKnownFileType = text.xcconfig; name = "Pods-MovieDB.release.xcconfig"; path = "Target Support Files/Pods-MovieDB/Pods-MovieDB.release.xcconfig"; sourceTree = "<group>"; };
/* End PBXFileReference section */

/* Begin PBXFrameworksBuildPhase section */
		187737D724EA408A005F1779 /* Frameworks */ = {
			isa = PBXFrameworksBuildPhase;
			buildActionMask = 2147483647;
			files = (
				5D6C55C797307FBA49F0A253 /* Pods_MovieDB.framework in Frameworks */,
			);
			runOnlyForDeploymentPostprocessing = 0;
		};
/* End PBXFrameworksBuildPhase section */

/* Begin PBXGroup section */
		187737D124EA4089005F1779 = {
			isa = PBXGroup;
			children = (
				187737DC24EA408A005F1779 /* MovieDB */,
				187737DB24EA408A005F1779 /* Products */,
				5B19E1E338338EA90BAFC164 /* Pods */,
				344FA1DBA6426622C9A3A484 /* Frameworks */,
			);
			sourceTree = "<group>";
		};
		187737DB24EA408A005F1779 /* Products */ = {
			isa = PBXGroup;
			children = (
				187737DA24EA408A005F1779 /* MovieDB.app */,
			);
			name = Products;
			sourceTree = "<group>";
		};
		187737DC24EA408A005F1779 /* MovieDB */ = {
			isa = PBXGroup;
			children = (
				189AB82E24FCD6C80039B5B5 /* DetailList */,
				189AB82424FA70160039B5B5 /* List */,
				189AB81624F8E0EE0039B5B5 /* AddList */,
				18DB303124F4B6E300967FB8 /* Movie */,
				18DB302724F1597F00967FB8 /* Alert */,
				18DB300A24EE26E900967FB8 /* Networking */,
				1877381024EC153B005F1779 /* UserProfile */,
				1877380B24EB8859005F1779 /* TabBar */,
				1877380624EB8814005F1779 /* Home */,
				1877380324EB7389005F1779 /* Login */,
				187737FB24EB6E2A005F1779 /* Model */,
				187737F824EA8593005F1779 /* Constants */,
				187737F524EA83AF005F1779 /* Extension */,
				187737DD24EA408A005F1779 /* AppDelegate.swift */,
				187737DF24EA408A005F1779 /* SceneDelegate.swift */,
				187737E624EA408C005F1779 /* Assets.xcassets */,
				187737E824EA408C005F1779 /* LaunchScreen.storyboard */,
				187737EB24EA408C005F1779 /* Info.plist */,
			);
			path = MovieDB;
			sourceTree = "<group>";
		};
		187737F524EA83AF005F1779 /* Extension */ = {
			isa = PBXGroup;
			children = (
				187737F624EA83E1005F1779 /* ExtensionUIView.swift */,
			);
			path = Extension;
			sourceTree = "<group>";
		};
		187737F824EA8593005F1779 /* Constants */ = {
			isa = PBXGroup;
			children = (
				187737F924EA85B2005F1779 /* Constants.swift */,
				187737FF24EB7267005F1779 /* DefaultsKey.swift */,
				1877380124EB72D7005F1779 /* ServerPath.swift */,
			);
			path = Constants;
			sourceTree = "<group>";
		};
		187737FB24EB6E2A005F1779 /* Model */ = {
			isa = PBXGroup;
			children = (
				18DB303624F6690300967FB8 /* ResponseError.swift */,
				1877380424EB7C07005F1779 /* Token.swift */,
				1877381524ECD249005F1779 /* User.swift */,
				18DB302A24F39E4400967FB8 /* Movie.swift */,
				189AB81424F8ACB70039B5B5 /* List.swift */,
				189AB83324FCF4EA0039B5B5 /* ListDetail.swift */,
			);
			path = Model;
			sourceTree = "<group>";
		};
		1877380324EB7389005F1779 /* Login */ = {
			isa = PBXGroup;
			children = (
				187737F124EA4149005F1779 /* LoginVC.swift */,
				187737F224EA4149005F1779 /* LoginVC.xib */,
			);
			path = Login;
			sourceTree = "<group>";
		};
		1877380624EB8814005F1779 /* Home */ = {
			isa = PBXGroup;
			children = (
				18DB302C24F3A10800967FB8 /* Cell */,
				1877380724EB8832005F1779 /* HomeVC.swift */,
				1877380824EB8832005F1779 /* HomeVC.xib */,
			);
			path = Home;
			sourceTree = "<group>";
		};
		1877380B24EB8859005F1779 /* TabBar */ = {
			isa = PBXGroup;
			children = (
				1877380C24EB88AF005F1779 /* TabBarVC.swift */,
				1877380D24EB88AF005F1779 /* TabBarVC.xib */,
			);
			path = TabBar;
			sourceTree = "<group>";
		};
		1877381024EC153B005F1779 /* UserProfile */ = {
			isa = PBXGroup;
			children = (
				1877381124EC158B005F1779 /* UserProfileVC.swift */,
				1877381224EC158B005F1779 /* UserProfileVC.xib */,
			);
			path = UserProfile;
			sourceTree = "<group>";
		};
		189AB81624F8E0EE0039B5B5 /* AddList */ = {
			isa = PBXGroup;
			children = (
				189AB81B24F8E9FF0039B5B5 /* AddListModal */,
				189AB81724F8E1F80039B5B5 /* AddListVC.swift */,
				189AB81824F8E1F80039B5B5 /* AddListVC.xib */,
			);
			path = AddList;
			sourceTree = "<group>";
		};
		189AB81B24F8E9FF0039B5B5 /* AddListModal */ = {
			isa = PBXGroup;
			children = (
				189AB82024F8EFAC0039B5B5 /* AddListModalView.swift */,
				189AB82224F8EFC10039B5B5 /* AddListModalView.xib */,
			);
			path = AddListModal;
			sourceTree = "<group>";
		};
		189AB82424FA70160039B5B5 /* List */ = {
			isa = PBXGroup;
			children = (
				189AB82924FA75520039B5B5 /* Cell */,
				189AB82524FA704F0039B5B5 /* ListVC.swift */,
				189AB82624FA704F0039B5B5 /* ListVC.xib */,
			);
			path = List;
			sourceTree = "<group>";
		};
		189AB82924FA75520039B5B5 /* Cell */ = {
			isa = PBXGroup;
			children = (
				189AB82A24FA756E0039B5B5 /* ListCell.swift */,
				189AB82B24FA756E0039B5B5 /* ListCell.xib */,
			);
			path = Cell;
			sourceTree = "<group>";
		};
		189AB82E24FCD6C80039B5B5 /* DetailList */ = {
			isa = PBXGroup;
			children = (
				189AB82F24FCD6F80039B5B5 /* DetailListVC.swift */,
				189AB83024FCD6F80039B5B5 /* DetailListVC.xib */,
			);
			path = DetailList;
			sourceTree = "<group>";
		};
		18DB300A24EE26E900967FB8 /* Networking */ = {
			isa = PBXGroup;
			children = (
				18DB302124EE62FB00967FB8 /* APIConfiguration.swift */,
				18DB302324EE646000967FB8 /* APIRouter.swift */,
				18DB302524EE82E300967FB8 /* AuthService.swift */,
				18DB303924F757D500967FB8 /* APIManager.swift */,
			);
			path = Networking;
			sourceTree = "<group>";
		};
		18DB302724F1597F00967FB8 /* Alert */ = {
			isa = PBXGroup;
			children = (
				18DB302824F1599B00967FB8 /* Alert.swift */,
			);
			path = Alert;
			sourceTree = "<group>";
		};
		18DB302C24F3A10800967FB8 /* Cell */ = {
			isa = PBXGroup;
			children = (
				18DB302D24F3A15700967FB8 /* MovieCell.swift */,
				18DB302E24F3A15700967FB8 /* MovieCell.xib */,
			);
			path = Cell;
			sourceTree = "<group>";
		};
		18DB303124F4B6E300967FB8 /* Movie */ = {
			isa = PBXGroup;
			children = (
				18DB303224F4C8EF00967FB8 /* MovieDetailVC.swift */,
				18DB303324F4C8EF00967FB8 /* MovieDetailVC.xib */,
			);
			path = Movie;
			sourceTree = "<group>";
		};
		344FA1DBA6426622C9A3A484 /* Frameworks */ = {
			isa = PBXGroup;
			children = (
				44481B1EE01364D688078C74 /* Pods_MovieDB.framework */,
			);
			name = Frameworks;
			sourceTree = "<group>";
		};
		5B19E1E338338EA90BAFC164 /* Pods */ = {
			isa = PBXGroup;
			children = (
				6F76A42203B12AA5E7452E0B /* Pods-MovieDB.debug.xcconfig */,
				E3B72E1660BFDBD9FE11A6FE /* Pods-MovieDB.release.xcconfig */,
			);
			path = Pods;
			sourceTree = "<group>";
		};
/* End PBXGroup section */

/* Begin PBXNativeTarget section */
		187737D924EA408A005F1779 /* MovieDB */ = {
			isa = PBXNativeTarget;
			buildConfigurationList = 187737EE24EA408C005F1779 /* Build configuration list for PBXNativeTarget "MovieDB" */;
			buildPhases = (
				257667FF9839750CE1B34858 /* [CP] Check Pods Manifest.lock */,
				187737D624EA408A005F1779 /* Sources */,
				187737D724EA408A005F1779 /* Frameworks */,
				187737D824EA408A005F1779 /* Resources */,
				9F02761CC2E01D4DDD020EDE /* [CP] Embed Pods Frameworks */,
			);
			buildRules = (
			);
			dependencies = (
			);
			name = MovieDB;
			productName = MovieDB;
			productReference = 187737DA24EA408A005F1779 /* MovieDB.app */;
			productType = "com.apple.product-type.application";
		};
/* End PBXNativeTarget section */

/* Begin PBXProject section */
		187737D224EA4089005F1779 /* Project object */ = {
			isa = PBXProject;
			attributes = {
				LastSwiftUpdateCheck = 1160;
				LastUpgradeCheck = 1160;
				ORGANIZATIONNAME = NguyenDucLuu;
				TargetAttributes = {
					187737D924EA408A005F1779 = {
						CreatedOnToolsVersion = 11.6;
					};
				};
			};
			buildConfigurationList = 187737D524EA4089005F1779 /* Build configuration list for PBXProject "MovieDB" */;
			compatibilityVersion = "Xcode 9.3";
			developmentRegion = en;
			hasScannedForEncodings = 0;
			knownRegions = (
				en,
				Base,
			);
			mainGroup = 187737D124EA4089005F1779;
			productRefGroup = 187737DB24EA408A005F1779 /* Products */;
			projectDirPath = "";
			projectRoot = "";
			targets = (
				187737D924EA408A005F1779 /* MovieDB */,
			);
		};
/* End PBXProject section */

/* Begin PBXResourcesBuildPhase section */
		187737D824EA408A005F1779 /* Resources */ = {
			isa = PBXResourcesBuildPhase;
			buildActionMask = 2147483647;
			files = (
				1877380F24EB88AF005F1779 /* TabBarVC.xib in Resources */,
				189AB82D24FA756E0039B5B5 /* ListCell.xib in Resources */,
				18DB303024F3A15700967FB8 /* MovieCell.xib in Resources */,
				187737F424EA4149005F1779 /* LoginVC.xib in Resources */,
				189AB81A24F8E1F80039B5B5 /* AddListVC.xib in Resources */,
				189AB82324F8EFC10039B5B5 /* AddListModalView.xib in Resources */,
				1877380A24EB8832005F1779 /* HomeVC.xib in Resources */,
				187737EA24EA408C005F1779 /* LaunchScreen.storyboard in Resources */,
				189AB83224FCD6F80039B5B5 /* DetailListVC.xib in Resources */,
				187737E724EA408C005F1779 /* Assets.xcassets in Resources */,
				189AB82824FA704F0039B5B5 /* ListVC.xib in Resources */,
				18DB303524F4C8EF00967FB8 /* MovieDetailVC.xib in Resources */,
				1877381424EC158B005F1779 /* UserProfileVC.xib in Resources */,
			);
			runOnlyForDeploymentPostprocessing = 0;
		};
/* End PBXResourcesBuildPhase section */

/* Begin PBXShellScriptBuildPhase section */
		257667FF9839750CE1B34858 /* [CP] Check Pods Manifest.lock */ = {
			isa = PBXShellScriptBuildPhase;
			buildActionMask = 2147483647;
			files = (
			);
			inputFileListPaths = (
			);
			inputPaths = (
				"${PODS_PODFILE_DIR_PATH}/Podfile.lock",
				"${PODS_ROOT}/Manifest.lock",
			);
			name = "[CP] Check Pods Manifest.lock";
			outputFileListPaths = (
			);
			outputPaths = (
				"$(DERIVED_FILE_DIR)/Pods-MovieDB-checkManifestLockResult.txt",
			);
			runOnlyForDeploymentPostprocessing = 0;
			shellPath = /bin/sh;
			shellScript = "diff \"${PODS_PODFILE_DIR_PATH}/Podfile.lock\" \"${PODS_ROOT}/Manifest.lock\" > /dev/null\nif [ $? != 0 ] ; then\n    # print error to STDERR\n    echo \"error: The sandbox is not in sync with the Podfile.lock. Run 'pod install' or update your CocoaPods installation.\" >&2\n    exit 1\nfi\n# This output is used by Xcode 'outputs' to avoid re-running this script phase.\necho \"SUCCESS\" > \"${SCRIPT_OUTPUT_FILE_0}\"\n";
			showEnvVarsInLog = 0;
		};
		9F02761CC2E01D4DDD020EDE /* [CP] Embed Pods Frameworks */ = {
			isa = PBXShellScriptBuildPhase;
			buildActionMask = 2147483647;
			files = (
			);
			inputFileListPaths = (
				"${PODS_ROOT}/Target Support Files/Pods-MovieDB/Pods-MovieDB-frameworks-${CONFIGURATION}-input-files.xcfilelist",
			);
			name = "[CP] Embed Pods Frameworks";
			outputFileListPaths = (
				"${PODS_ROOT}/Target Support Files/Pods-MovieDB/Pods-MovieDB-frameworks-${CONFIGURATION}-output-files.xcfilelist",
			);
			runOnlyForDeploymentPostprocessing = 0;
			shellPath = /bin/sh;
			shellScript = "\"${PODS_ROOT}/Target Support Files/Pods-MovieDB/Pods-MovieDB-frameworks.sh\"\n";
			showEnvVarsInLog = 0;
		};
/* End PBXShellScriptBuildPhase section */

/* Begin PBXSourcesBuildPhase section */
		187737D624EA408A005F1779 /* Sources */ = {
			isa = PBXSourcesBuildPhase;
			buildActionMask = 2147483647;
			files = (
				18DB303424F4C8EF00967FB8 /* MovieDetailVC.swift in Sources */,
				1877380E24EB88AF005F1779 /* TabBarVC.swift in Sources */,
				187737FA24EA85B2005F1779 /* Constants.swift in Sources */,
				18DB302F24F3A15700967FB8 /* MovieCell.swift in Sources */,
				187737DE24EA408A005F1779 /* AppDelegate.swift in Sources */,
				189AB82C24FA756E0039B5B5 /* ListCell.swift in Sources */,
				1877381324EC158B005F1779 /* UserProfileVC.swift in Sources */,
				18DB303A24F757D500967FB8 /* APIManager.swift in Sources */,
				187737E024EA408A005F1779 /* SceneDelegate.swift in Sources */,
				189AB83124FCD6F80039B5B5 /* DetailListVC.swift in Sources */,
				18DB303724F6690300967FB8 /* ResponseError.swift in Sources */,
				1877380924EB8832005F1779 /* HomeVC.swift in Sources */,
				1877380024EB7267005F1779 /* DefaultsKey.swift in Sources */,
				189AB82724FA704F0039B5B5 /* ListVC.swift in Sources */,
				189AB83424FCF4EA0039B5B5 /* ListDetail.swift in Sources */,
				18DB302424EE646000967FB8 /* APIRouter.swift in Sources */,
				1877380224EB72D7005F1779 /* ServerPath.swift in Sources */,
				1877381624ECD249005F1779 /* User.swift in Sources */,
				18DB302224EE62FB00967FB8 /* APIConfiguration.swift in Sources */,
				187737F724EA83E1005F1779 /* ExtensionUIView.swift in Sources */,
				18DB302624EE82E300967FB8 /* AuthService.swift in Sources */,
				189AB81524F8ACB70039B5B5 /* List.swift in Sources */,
				187737F324EA4149005F1779 /* LoginVC.swift in Sources */,
				18DB302924F1599B00967FB8 /* Alert.swift in Sources */,
				189AB81924F8E1F80039B5B5 /* AddListVC.swift in Sources */,
				1877380524EB7C07005F1779 /* Token.swift in Sources */,
				189AB82124F8EFAC0039B5B5 /* AddListModalView.swift in Sources */,
				18DB302B24F39E4400967FB8 /* Movie.swift in Sources */,
			);
			runOnlyForDeploymentPostprocessing = 0;
		};
/* End PBXSourcesBuildPhase section */

/* Begin PBXVariantGroup section */
		187737E824EA408C005F1779 /* LaunchScreen.storyboard */ = {
			isa = PBXVariantGroup;
			children = (
				187737E924EA408C005F1779 /* Base */,
			);
			name = LaunchScreen.storyboard;
			sourceTree = "<group>";
		};
/* End PBXVariantGroup section */

/* Begin XCBuildConfiguration section */
		187737EC24EA408C005F1779 /* Debug */ = {
			isa = XCBuildConfiguration;
			buildSettings = {
				ALWAYS_SEARCH_USER_PATHS = NO;
				CLANG_ANALYZER_NONNULL = YES;
				CLANG_ANALYZER_NUMBER_OBJECT_CONVERSION = YES_AGGRESSIVE;
				CLANG_CXX_LANGUAGE_STANDARD = "gnu++14";
				CLANG_CXX_LIBRARY = "libc++";
				CLANG_ENABLE_MODULES = YES;
				CLANG_ENABLE_OBJC_ARC = YES;
				CLANG_ENABLE_OBJC_WEAK = YES;
				CLANG_WARN_BLOCK_CAPTURE_AUTORELEASING = YES;
				CLANG_WARN_BOOL_CONVERSION = YES;
				CLANG_WARN_COMMA = YES;
				CLANG_WARN_CONSTANT_CONVERSION = YES;
				CLANG_WARN_DEPRECATED_OBJC_IMPLEMENTATIONS = YES;
				CLANG_WARN_DIRECT_OBJC_ISA_USAGE = YES_ERROR;
				CLANG_WARN_DOCUMENTATION_COMMENTS = YES;
				CLANG_WARN_EMPTY_BODY = YES;
				CLANG_WARN_ENUM_CONVERSION = YES;
				CLANG_WARN_INFINITE_RECURSION = YES;
				CLANG_WARN_INT_CONVERSION = YES;
				CLANG_WARN_NON_LITERAL_NULL_CONVERSION = YES;
				CLANG_WARN_OBJC_IMPLICIT_RETAIN_SELF = YES;
				CLANG_WARN_OBJC_LITERAL_CONVERSION = YES;
				CLANG_WARN_OBJC_ROOT_CLASS = YES_ERROR;
				CLANG_WARN_RANGE_LOOP_ANALYSIS = YES;
				CLANG_WARN_STRICT_PROTOTYPES = YES;
				CLANG_WARN_SUSPICIOUS_MOVE = YES;
				CLANG_WARN_UNGUARDED_AVAILABILITY = YES_AGGRESSIVE;
				CLANG_WARN_UNREACHABLE_CODE = YES;
				CLANG_WARN__DUPLICATE_METHOD_MATCH = YES;
				COPY_PHASE_STRIP = NO;
				DEBUG_INFORMATION_FORMAT = dwarf;
				ENABLE_STRICT_OBJC_MSGSEND = YES;
				ENABLE_TESTABILITY = YES;
				GCC_C_LANGUAGE_STANDARD = gnu11;
				GCC_DYNAMIC_NO_PIC = NO;
				GCC_NO_COMMON_BLOCKS = YES;
				GCC_OPTIMIZATION_LEVEL = 0;
				GCC_PREPROCESSOR_DEFINITIONS = (
					"DEBUG=1",
					"$(inherited)",
				);
				GCC_WARN_64_TO_32_BIT_CONVERSION = YES;
				GCC_WARN_ABOUT_RETURN_TYPE = YES_ERROR;
				GCC_WARN_UNDECLARED_SELECTOR = YES;
				GCC_WARN_UNINITIALIZED_AUTOS = YES_AGGRESSIVE;
				GCC_WARN_UNUSED_FUNCTION = YES;
				GCC_WARN_UNUSED_VARIABLE = YES;
				IPHONEOS_DEPLOYMENT_TARGET = 13.6;
				MTL_ENABLE_DEBUG_INFO = INCLUDE_SOURCE;
				MTL_FAST_MATH = YES;
				ONLY_ACTIVE_ARCH = YES;
				SDKROOT = iphoneos;
				SWIFT_ACTIVE_COMPILATION_CONDITIONS = DEBUG;
				SWIFT_OPTIMIZATION_LEVEL = "-Onone";
			};
			name = Debug;
		};
		187737ED24EA408C005F1779 /* Release */ = {
			isa = XCBuildConfiguration;
			buildSettings = {
				ALWAYS_SEARCH_USER_PATHS = NO;
				CLANG_ANALYZER_NONNULL = YES;
				CLANG_ANALYZER_NUMBER_OBJECT_CONVERSION = YES_AGGRESSIVE;
				CLANG_CXX_LANGUAGE_STANDARD = "gnu++14";
				CLANG_CXX_LIBRARY = "libc++";
				CLANG_ENABLE_MODULES = YES;
				CLANG_ENABLE_OBJC_ARC = YES;
				CLANG_ENABLE_OBJC_WEAK = YES;
				CLANG_WARN_BLOCK_CAPTURE_AUTORELEASING = YES;
				CLANG_WARN_BOOL_CONVERSION = YES;
				CLANG_WARN_COMMA = YES;
				CLANG_WARN_CONSTANT_CONVERSION = YES;
				CLANG_WARN_DEPRECATED_OBJC_IMPLEMENTATIONS = YES;
				CLANG_WARN_DIRECT_OBJC_ISA_USAGE = YES_ERROR;
				CLANG_WARN_DOCUMENTATION_COMMENTS = YES;
				CLANG_WARN_EMPTY_BODY = YES;
				CLANG_WARN_ENUM_CONVERSION = YES;
				CLANG_WARN_INFINITE_RECURSION = YES;
				CLANG_WARN_INT_CONVERSION = YES;
				CLANG_WARN_NON_LITERAL_NULL_CONVERSION = YES;
				CLANG_WARN_OBJC_IMPLICIT_RETAIN_SELF = YES;
				CLANG_WARN_OBJC_LITERAL_CONVERSION = YES;
				CLANG_WARN_OBJC_ROOT_CLASS = YES_ERROR;
				CLANG_WARN_RANGE_LOOP_ANALYSIS = YES;
				CLANG_WARN_STRICT_PROTOTYPES = YES;
				CLANG_WARN_SUSPICIOUS_MOVE = YES;
				CLANG_WARN_UNGUARDED_AVAILABILITY = YES_AGGRESSIVE;
				CLANG_WARN_UNREACHABLE_CODE = YES;
				CLANG_WARN__DUPLICATE_METHOD_MATCH = YES;
				COPY_PHASE_STRIP = NO;
				DEBUG_INFORMATION_FORMAT = "dwarf-with-dsym";
				ENABLE_NS_ASSERTIONS = NO;
				ENABLE_STRICT_OBJC_MSGSEND = YES;
				GCC_C_LANGUAGE_STANDARD = gnu11;
				GCC_NO_COMMON_BLOCKS = YES;
				GCC_WARN_64_TO_32_BIT_CONVERSION = YES;
				GCC_WARN_ABOUT_RETURN_TYPE = YES_ERROR;
				GCC_WARN_UNDECLARED_SELECTOR = YES;
				GCC_WARN_UNINITIALIZED_AUTOS = YES_AGGRESSIVE;
				GCC_WARN_UNUSED_FUNCTION = YES;
				GCC_WARN_UNUSED_VARIABLE = YES;
				IPHONEOS_DEPLOYMENT_TARGET = 13.6;
				MTL_ENABLE_DEBUG_INFO = NO;
				MTL_FAST_MATH = YES;
				SDKROOT = iphoneos;
				SWIFT_COMPILATION_MODE = wholemodule;
				SWIFT_OPTIMIZATION_LEVEL = "-O";
				VALIDATE_PRODUCT = YES;
			};
			name = Release;
		};
		187737EF24EA408C005F1779 /* Debug */ = {
			isa = XCBuildConfiguration;
			baseConfigurationReference = 6F76A42203B12AA5E7452E0B /* Pods-MovieDB.debug.xcconfig */;
			buildSettings = {
				ASSETCATALOG_COMPILER_APPICON_NAME = AppIcon;
				CODE_SIGN_STYLE = Automatic;
				DEVELOPMENT_TEAM = 5KKMTY5A4D;
				INFOPLIST_FILE = MovieDB/Info.plist;
				LD_RUNPATH_SEARCH_PATHS = (
					"$(inherited)",
					"@executable_path/Frameworks",
				);
				PRODUCT_BUNDLE_IDENTIFIER = com.luunguyenduc1995.MovieDB;
				PRODUCT_NAME = "$(TARGET_NAME)";
				SWIFT_VERSION = 5.0;
				TARGETED_DEVICE_FAMILY = "1,2";
			};
			name = Debug;
		};
		187737F024EA408C005F1779 /* Release */ = {
			isa = XCBuildConfiguration;
			baseConfigurationReference = E3B72E1660BFDBD9FE11A6FE /* Pods-MovieDB.release.xcconfig */;
			buildSettings = {
				ASSETCATALOG_COMPILER_APPICON_NAME = AppIcon;
				CODE_SIGN_STYLE = Automatic;
				DEVELOPMENT_TEAM = 5KKMTY5A4D;
				INFOPLIST_FILE = MovieDB/Info.plist;
				LD_RUNPATH_SEARCH_PATHS = (
					"$(inherited)",
					"@executable_path/Frameworks",
				);
				PRODUCT_BUNDLE_IDENTIFIER = com.luunguyenduc1995.MovieDB;
				PRODUCT_NAME = "$(TARGET_NAME)";
				SWIFT_VERSION = 5.0;
				TARGETED_DEVICE_FAMILY = "1,2";
			};
			name = Release;
		};
/* End XCBuildConfiguration section */

/* Begin XCConfigurationList section */
		187737D524EA4089005F1779 /* Build configuration list for PBXProject "MovieDB" */ = {
			isa = XCConfigurationList;
			buildConfigurations = (
				187737EC24EA408C005F1779 /* Debug */,
				187737ED24EA408C005F1779 /* Release */,
			);
			defaultConfigurationIsVisible = 0;
			defaultConfigurationName = Release;
		};
		187737EE24EA408C005F1779 /* Build configuration list for PBXNativeTarget "MovieDB" */ = {
			isa = XCConfigurationList;
			buildConfigurations = (
				187737EF24EA408C005F1779 /* Debug */,
				187737F024EA408C005F1779 /* Release */,
			);
			defaultConfigurationIsVisible = 0;
			defaultConfigurationName = Release;
		};
/* End XCConfigurationList section */
	};
	rootObject = 187737D224EA4089005F1779 /* Project object */;
}
